
Microsoft Visual Studio Solution File, Format Version 12.00
# Visual Studio Version 16
VisualStudioVersion = 16.0.29215.179
MinimumVisualStudioVersion = 10.0.40219.1
Project("{FAE04EC0-301F-11D3-BF4B-00C04F79EFBC}") = "WindowsFormsApp1", "WindowsFormsApp1\WindowsFormsApp1.csproj", "{6F20D8BF-61D2-477C-A8FD-AB4B4FA86C79}"
EndProject
Global
	GlobalSection(SolutionConfigurationPlatforms) = preSolution
		Debug|Any CPU = Debug|Any CPU
		Release|Any CPU = Release|Any CPU
	EndGlobalSection
	GlobalSection(ProjectConfigurationPlatforms) = postSolution
		{6F20D8BF-61D2-477C-A8FD-AB4B4FA86C79}.Debug|Any CPU.ActiveCfg = Debug|Any CPU
		{6F20D8BF-61D2-477C-A8FD-AB4B4FA86C79}.Debug|Any CPU.Build.0 = Debug|Any CPU
		{6F20D8BF-61D2-477C-A8FD-AB4B4FA86C79}.Release|Any CPU.ActiveCfg = Release|Any CPU
		{6F20D8BF-61D2-477C-A8FD-AB4B4FA86C79}.Release|Any CPU.Build.0 = Release|Any CPU
	EndGlobalSection
	GlobalSection(SolutionProperties) = preSolution
		HideSolutionNode = FALSE
	EndGlobalSection
	GlobalSection(ExtensibilityGlobals) = postSolution
		SolutionGuid = {CDA0EBAC-3B94-4BA0-8E6E-C6569EC091A1}
	EndGlobalSection
EndGlobal
